
Microsoft Visual Studio Solution File, Format Version 12.00
# Visual Studio Version 17
VisualStudioVersion = 17.5.002.0
MinimumVisualStudioVersion = 10.0.40219.1
Project("{9A19103F-16F7-4668-BE54-9A1E7A4F7556}") = "sharepoint-createcopyjob-azure-queue-tracking", "sharepoint-createcopyjob-azure-queue-tracking.csproj", "{004ABE63-64AF-40AC-A386-22587766A8ED}"
EndProject
Global
	GlobalSection(SolutionConfigurationPlatforms) = preSolution
		Debug|Any CPU = Debug|Any CPU
		Release|Any CPU = Release|Any CPU
	EndGlobalSection
	GlobalSection(ProjectConfigurationPlatforms) = postSolution
		{004ABE63-64AF-40AC-A386-22587766A8ED}.Debug|Any CPU.ActiveCfg = Debug|Any CPU
		{004ABE63-64AF-40AC-A386-22587766A8ED}.Debug|Any CPU.Build.0 = Debug|Any CPU
		{004ABE63-64AF-40AC-A386-22587766A8ED}.Release|Any CPU.ActiveCfg = Release|Any CPU
		{004ABE63-64AF-40AC-A386-22587766A8ED}.Release|Any CPU.Build.0 = Release|Any CPU
	EndGlobalSection
	GlobalSection(SolutionProperties) = preSolution
		HideSolutionNode = FALSE
	EndGlobalSection
	GlobalSection(ExtensibilityGlobals) = postSolution
		SolutionGuid = {EA549D34-6120-4B67-8BD0-9F25C7C6A745}
	EndGlobalSection
EndGlobal
